// !$*UTF8*$!
{
	archiveVersion = 1;
	classes = {
	};
	objectVersion = 46;
	objects = {

/* Begin PBXBuildFile section */
		F9C4889817E8EEDF004633C4 /* UIKit.framework in Frameworks */ = {isa = PBXBuildFile; fileRef = F9C4889717E8EEDF004633C4 /* UIKit.framework */; };
		F9C4889A17E8EEDF004633C4 /* Foundation.framework in Frameworks */ = {isa = PBXBuildFile; fileRef = F9C4889917E8EEDF004633C4 /* Foundation.framework */; };
		F9C4889C17E8EEDF004633C4 /* CoreGraphics.framework in Frameworks */ = {isa = PBXBuildFile; fileRef = F9C4889B17E8EEDF004633C4 /* CoreGraphics.framework */; };
		F9C488A217E8EEDF004633C4 /* InfoPlist.strings in Resources */ = {isa = PBXBuildFile; fileRef = F9C488A017E8EEDF004633C4 /* InfoPlist.strings */; };
		F9C488A417E8EEDF004633C4 /* main.m in Sources */ = {isa = PBXBuildFile; fileRef = F9C488A317E8EEDF004633C4 /* main.m */; };
		F9C488A817E8EEDF004633C4 /* AppDelegate.m in Sources */ = {isa = PBXBuildFile; fileRef = F9C488A717E8EEDF004633C4 /* AppDelegate.m */; };
		F9C488AA17E8EEDF004633C4 /* Default.png in Resources */ = {isa = PBXBuildFile; fileRef = F9C488A917E8EEDF004633C4 /* Default.png */; };
		F9C488AC17E8EEDF004633C4 /* Default@2x.png in Resources */ = {isa = PBXBuildFile; fileRef = F9C488AB17E8EEDF004633C4 /* Default@2x.png */; };
		F9C488AE17E8EEE0004633C4 /* Default-568h@2x.png in Resources */ = {isa = PBXBuildFile; fileRef = F9C488AD17E8EEE0004633C4 /* Default-568h@2x.png */; };
		F9C488B117E8EEE0004633C4 /* MainStoryboard.storyboard in Resources */ = {isa = PBXBuildFile; fileRef = F9C488AF17E8EEE0004633C4 /* MainStoryboard.storyboard */; };
		F9C488B417E8EEE0004633C4 /* ViewController.m in Sources */ = {isa = PBXBuildFile; fileRef = F9C488B317E8EEE0004633C4 /* ViewController.m */; };
/* End PBXBuildFile section */

/* Begin PBXFileReference section */
		F9C4889417E8EEDF004633C4 /* GitUseExam.app */ = {isa = PBXFileReference; explicitFileType = wrapper.application; includeInIndex = 0; path = GitUseExam.app; sourceTree = BUILT_PRODUCTS_DIR; };
		F9C4889717E8EEDF004633C4 /* UIKit.framework */ = {isa = PBXFileReference; lastKnownFileType = wrapper.framework; name = UIKit.framework; path = System/Library/Frameworks/UIKit.framework; sourceTree = SDKROOT; };
		F9C4889917E8EEDF004633C4 /* Foundation.framework */ = {isa = PBXFileReference; lastKnownFileType = wrapper.framework; name = Foundation.framework; path = System/Library/Frameworks/Foundation.framework; sourceTree = SDKROOT; };
		F9C4889B17E8EEDF004633C4 /* CoreGraphics.framework */ = {isa = PBXFileReference; lastKnownFileType = wrapper.framework; name = CoreGraphics.framework; path = System/Library/Frameworks/CoreGraphics.framework; sourceTree = SDKROOT; };
		F9C4889F17E8EEDF004633C4 /* GitUseExam-Info.plist */ = {isa = PBXFileReference; lastKnownFileType = text.plist.xml; path = "GitUseExam-Info.plist"; sourceTree = "<group>"; };
		F9C488A117E8EEDF004633C4 /* en */ = {isa = PBXFileReference; lastKnownFileType = text.plist.strings; name = en; path = en.lproj/InfoPlist.strings; sourceTree = "<group>"; };
		F9C488A317E8EEDF004633C4 /* main.m */ = {isa = PBXFileReference; lastKnownFileType = sourcecode.c.objc; path = main.m; sourceTree = "<group>"; };
		F9C488A517E8EEDF004633C4 /* GitUseExam-Prefix.pch */ = {isa = PBXFileReference; lastKnownFileType = sourcecode.c.h; path = "GitUseExam-Prefix.pch"; sourceTree = "<group>"; };
		F9C488A617E8EEDF004633C4 /* AppDelegate.h */ = {isa = PBXFileReference; lastKnownFileType = sourcecode.c.h; path = AppDelegate.h; sourceTree = "<group>"; };
		F9C488A717E8EEDF004633C4 /* AppDelegate.m */ = {isa = PBXFileReference; lastKnownFileType = sourcecode.c.objc; path = AppDelegate.m; sourceTree = "<group>"; };
		F9C488A917E8EEDF004633C4 /* Default.png */ = {isa = PBXFileReference; lastKnownFileType = image.png; path = Default.png; sourceTree = "<group>"; };
		F9C488AB17E8EEDF004633C4 /* Default@2x.png */ = {isa = PBXFileReference; lastKnownFileType = image.png; path = "Default@2x.png"; sourceTree = "<group>"; };
		F9C488AD17E8EEE0004633C4 /* Default-568h@2x.png */ = {isa = PBXFileReference; lastKnownFileType = image.png; path = "Default-568h@2x.png"; sourceTree = "<group>"; };
		F9C488B017E8EEE0004633C4 /* en */ = {isa = PBXFileReference; lastKnownFileType = file.storyboard; name = en; path = en.lproj/MainStoryboard.storyboard; sourceTree = "<group>"; };
		F9C488B217E8EEE0004633C4 /* ViewController.h */ = {isa = PBXFileReference; lastKnownFileType = sourcecode.c.h; path = ViewController.h; sourceTree = "<group>"; };
		F9C488B317E8EEE0004633C4 /* ViewController.m */ = {isa = PBXFileReference; lastKnownFileType = sourcecode.c.objc; path = ViewController.m; sourceTree = "<group>"; };
/* End PBXFileReference section */

/* Begin PBXFrameworksBuildPhase section */
		F9C4889117E8EEDF004633C4 /* Frameworks */ = {
			isa = PBXFrameworksBuildPhase;
			buildActionMask = 2147483647;
			files = (
				F9C4889817E8EEDF004633C4 /* UIKit.framework in Frameworks */,
				F9C4889A17E8EEDF004633C4 /* Foundation.framework in Frameworks */,
				F9C4889C17E8EEDF004633C4 /* CoreGraphics.framework in Frameworks */,
			);
			runOnlyForDeploymentPostprocessing = 0;
		};
/* End PBXFrameworksBuildPhase section */

/* Begin PBXGroup section */
		F9C4888B17E8EEDF004633C4 = {
			isa = PBXGroup;
			children = (
				F9C4889D17E8EEDF004633C4 /* GitUseExam */,
				F9C4889617E8EEDF004633C4 /* Frameworks */,
				F9C4889517E8EEDF004633C4 /* Products */,
			);
			sourceTree = "<group>";
		};
		F9C4889517E8EEDF004633C4 /* Products */ = {
			isa = PBXGroup;
			children = (
				F9C4889417E8EEDF004633C4 /* GitUseExam.app */,
			);
			name = Products;
			sourceTree = "<group>";
		};
		F9C4889617E8EEDF004633C4 /* Frameworks */ = {
			isa = PBXGroup;
			children = (
				F9C4889717E8EEDF004633C4 /* UIKit.framework */,
				F9C4889917E8EEDF004633C4 /* Foundation.framework */,
				F9C4889B17E8EEDF004633C4 /* CoreGraphics.framework */,
			);
			name = Frameworks;
			sourceTree = "<group>";
		};
		F9C4889D17E8EEDF004633C4 /* GitUseExam */ = {
			isa = PBXGroup;
			children = (
				F9C488A617E8EEDF004633C4 /* AppDelegate.h */,
				F9C488A717E8EEDF004633C4 /* AppDelegate.m */,
				F9C488AF17E8EEE0004633C4 /* MainStoryboard.storyboard */,
				F9C488B217E8EEE0004633C4 /* ViewController.h */,
				F9C488B317E8EEE0004633C4 /* ViewController.m */,
				F9C4889E17E8EEDF004633C4 /* Supporting Files */,
			);
			path = GitUseExam;
			sourceTree = "<group>";
		};
		F9C4889E17E8EEDF004633C4 /* Supporting Files */ = {
			isa = PBXGroup;
			children = (
				F9C4889F17E8EEDF004633C4 /* GitUseExam-Info.plist */,
				F9C488A017E8EEDF004633C4 /* InfoPlist.strings */,
				F9C488A317E8EEDF004633C4 /* main.m */,
				F9C488A517E8EEDF004633C4 /* GitUseExam-Prefix.pch */,
				F9C488A917E8EEDF004633C4 /* Default.png */,
				F9C488AB17E8EEDF004633C4 /* Default@2x.png */,
				F9C488AD17E8EEE0004633C4 /* Default-568h@2x.png */,
			);
			name = "Supporting Files";
			sourceTree = "<group>";
		};
/* End PBXGroup section */

/* Begin PBXNativeTarget section */
		F9C4889317E8EEDF004633C4 /* GitUseExam */ = {
			isa = PBXNativeTarget;
			buildConfigurationList = F9C488B717E8EEE0004633C4 /* Build configuration list for PBXNativeTarget "GitUseExam" */;
			buildPhases = (
				F9C4889017E8EEDF004633C4 /* Sources */,
				F9C4889117E8EEDF004633C4 /* Frameworks */,
				F9C4889217E8EEDF004633C4 /* Resources */,
			);
			buildRules = (
			);
			dependencies = (
			);
			name = GitUseExam;
			productName = GitUseExam;
			productReference = F9C4889417E8EEDF004633C4 /* GitUseExam.app */;
			productType = "com.apple.product-type.application";
		};
/* End PBXNativeTarget section */

/* Begin PBXProject section */
		F9C4888C17E8EEDF004633C4 /* Project object */ = {
			isa = PBXProject;
			attributes = {
				LastUpgradeCheck = 0460;
				ORGANIZATIONNAME = paeng;
			};
			buildConfigurationList = F9C4888F17E8EEDF004633C4 /* Build configuration list for PBXProject "GitUseExam" */;
			compatibilityVersion = "Xcode 3.2";
			developmentRegion = English;
			hasScannedForEncodings = 0;
			knownRegions = (
				en,
			);
			mainGroup = F9C4888B17E8EEDF004633C4;
			productRefGroup = F9C4889517E8EEDF004633C4 /* Products */;
			projectDirPath = "";
			projectRoot = "";
			targets = (
				F9C4889317E8EEDF004633C4 /* GitUseExam */,
			);
		};
/* End PBXProject section */

/* Begin PBXResourcesBuildPhase section */
		F9C4889217E8EEDF004633C4 /* Resources */ = {
			isa = PBXResourcesBuildPhase;
			buildActionMask = 2147483647;
			files = (
				F9C488A217E8EEDF004633C4 /* InfoPlist.strings in Resources */,
				F9C488AA17E8EEDF004633C4 /* Default.png in Resources */,
				F9C488AC17E8EEDF004633C4 /* Default@2x.png in Resources */,
				F9C488AE17E8EEE0004633C4 /* Default-568h@2x.png in Resources */,
				F9C488B117E8EEE0004633C4 /* MainStoryboard.storyboard in Resources */,
			);
			runOnlyForDeploymentPostprocessing = 0;
		};
/* End PBXResourcesBuildPhase section */

/* Begin PBXSourcesBuildPhase section */
		F9C4889017E8EEDF004633C4 /* Sources */ = {
			isa = PBXSourcesBuildPhase;
			buildActionMask = 2147483647;
			files = (
				F9C488A417E8EEDF004633C4 /* main.m in Sources */,
				F9C488A817E8EEDF004633C4 /* AppDelegate.m in Sources */,
				F9C488B417E8EEE0004633C4 /* ViewController.m in Sources */,
			);
			runOnlyForDeploymentPostprocessing = 0;
		};
/* End PBXSourcesBuildPhase section */

/* Begin PBXVariantGroup section */
		F9C488A017E8EEDF004633C4 /* InfoPlist.strings */ = {
			isa = PBXVariantGroup;
			children = (
				F9C488A117E8EEDF004633C4 /* en */,
			);
			name = InfoPlist.strings;
			sourceTree = "<group>";
		};
		F9C488AF17E8EEE0004633C4 /* MainStoryboard.storyboard */ = {
			isa = PBXVariantGroup;
			children = (
				F9C488B017E8EEE0004633C4 /* en */,
			);
			name = MainStoryboard.storyboard;
			sourceTree = "<group>";
		};
/* End PBXVariantGroup section */

/* Begin XCBuildConfiguration section */
		F9C488B517E8EEE0004633C4 /* Debug */ = {
			isa = XCBuildConfiguration;
			buildSettings = {
				ALWAYS_SEARCH_USER_PATHS = NO;
				CLANG_CXX_LANGUAGE_STANDARD = "gnu++0x";
				CLANG_CXX_LIBRARY = "libc++";
				CLANG_ENABLE_OBJC_ARC = YES;
				CLANG_WARN_CONSTANT_CONVERSION = YES;
				CLANG_WARN_EMPTY_BODY = YES;
				CLANG_WARN_ENUM_CONVERSION = YES;
				CLANG_WARN_INT_CONVERSION = YES;
				CLANG_WARN__DUPLICATE_METHOD_MATCH = YES;
				"CODE_SIGN_IDENTITY[sdk=iphoneos*]" = "iPhone Developer";
				COPY_PHASE_STRIP = NO;
				GCC_C_LANGUAGE_STANDARD = gnu99;
				GCC_DYNAMIC_NO_PIC = NO;
				GCC_OPTIMIZATION_LEVEL = 0;
				GCC_PREPROCESSOR_DEFINITIONS = (
					"DEBUG=1",
					"$(inherited)",
				);
				GCC_SYMBOLS_PRIVATE_EXTERN = NO;
				GCC_WARN_ABOUT_RETURN_TYPE = YES;
				GCC_WARN_UNINITIALIZED_AUTOS = YES;
				GCC_WARN_UNUSED_VARIABLE = YES;
				IPHONEOS_DEPLOYMENT_TARGET = 6.1;
				ONLY_ACTIVE_ARCH = YES;
				SDKROOT = iphoneos;
			};
			name = Debug;
		};
		F9C488B617E8EEE0004633C4 /* Release */ = {
			isa = XCBuildConfiguration;
			buildSettings = {
				ALWAYS_SEARCH_USER_PATHS = NO;
				CLANG_CXX_LANGUAGE_STANDARD = "gnu++0x";
				CLANG_CXX_LIBRARY = "libc++";
				CLANG_ENABLE_OBJC_ARC = YES;
				CLANG_WARN_CONSTANT_CONVERSION = YES;
				CLANG_WARN_EMPTY_BODY = YES;
				CLANG_WARN_ENUM_CONVERSION = YES;
				CLANG_WARN_INT_CONVERSION = YES;
				CLANG_WARN__DUPLICATE_METHOD_MATCH = YES;
				"CODE_SIGN_IDENTITY[sdk=iphoneos*]" = "iPhone Developer";
				COPY_PHASE_STRIP = YES;
				GCC_C_LANGUAGE_STANDARD = gnu99;
				GCC_WARN_ABOUT_RETURN_TYPE = YES;
				GCC_WARN_UNINITIALIZED_AUTOS = YES;
				GCC_WARN_UNUSED_VARIABLE = YES;
				IPHONEOS_DEPLOYMENT_TARGET = 6.1;
				OTHER_CFLAGS = "-DNS_BLOCK_ASSERTIONS=1";
				SDKROOT = iphoneos;
				VALIDATE_PRODUCT = YES;
			};
			name = Release;
		};
		F9C488B817E8EEE0004633C4 /* Debug */ = {
			isa = XCBuildConfiguration;
			buildSettings = {
				GCC_PRECOMPILE_PREFIX_HEADER = YES;
				GCC_PREFIX_HEADER = "GitUseExam/GitUseExam-Prefix.pch";
				INFOPLIST_FILE = "GitUseExam/GitUseExam-Info.plist";
				PRODUCT_NAME = "$(TARGET_NAME)";
				WRAPPER_EXTENSION = app;
			};
			name = Debug;
		};
		F9C488B917E8EEE0004633C4 /* Release */ = {
			isa = XCBuildConfiguration;
			buildSettings = {
				GCC_PRECOMPILE_PREFIX_HEADER = YES;
				GCC_PREFIX_HEADER = "GitUseExam/GitUseExam-Prefix.pch";
				INFOPLIST_FILE = "GitUseExam/GitUseExam-Info.plist";
				PRODUCT_NAME = "$(TARGET_NAME)";
				WRAPPER_EXTENSION = app;
			};
			name = Release;
		};
/* End XCBuildConfiguration section */

/* Begin XCConfigurationList section */
		F9C4888F17E8EEDF004633C4 /* Build configuration list for PBXProject "GitUseExam" */ = {
			isa = XCConfigurationList;
			buildConfigurations = (
				F9C488B517E8EEE0004633C4 /* Debug */,
				F9C488B617E8EEE0004633C4 /* Release */,
			);
			defaultConfigurationIsVisible = 0;
			defaultConfigurationName = Release;
		};
		F9C488B717E8EEE0004633C4 /* Build configuration list for PBXNativeTarget "GitUseExam" */ = {
			isa = XCConfigurationList;
			buildConfigurations = (
				F9C488B817E8EEE0004633C4 /* Debug */,
				F9C488B917E8EEE0004633C4 /* Release */,
			);
			defaultConfigurationIsVisible = 0;
		};
/* End XCConfigurationList section */
	};
	rootObject = F9C4888C17E8EEDF004633C4 /* Project object */;
}
